
Microsoft Visual Studio Solution File, Format Version 12.00
# Visual Studio 2013
VisualStudioVersion = 12.0.21005.1
MinimumVisualStudioVersion = 10.0.40219.1
Project("{FAE04EC0-301F-11D3-BF4B-00C04F79EFBC}") = "Словозаменитель", "Словозаменитель\Словозаменитель.csproj", "{58A0B142-9288-4F7D-9786-F2A9122495E8}"
EndProject
Project("{FAE04EC0-301F-11D3-BF4B-00C04F79EFBC}") = "templateProseccorUITester", "templateProseccorUITester\templateProseccorUITester.csproj", "{8C3C37B9-23F3-4A1A-8321-AFE520B62E6A}"
EndProject
Project("{FAE04EC0-301F-11D3-BF4B-00C04F79EFBC}") = "templateProcessorLib", "templateProcessorLib\templateProcessorLib.csproj", "{045B7CA7-7E70-4E47-B114-39175254B036}"
EndProject
Global
	GlobalSection(SolutionConfigurationPlatforms) = preSolution
		Debug|Any CPU = Debug|Any CPU
		Release|Any CPU = Release|Any CPU
	EndGlobalSection
	GlobalSection(ProjectConfigurationPlatforms) = postSolution
		{58A0B142-9288-4F7D-9786-F2A9122495E8}.Debug|Any CPU.ActiveCfg = Debug|Any CPU
		{58A0B142-9288-4F7D-9786-F2A9122495E8}.Debug|Any CPU.Build.0 = Debug|Any CPU
		{58A0B142-9288-4F7D-9786-F2A9122495E8}.Release|Any CPU.ActiveCfg = Release|Any CPU
		{58A0B142-9288-4F7D-9786-F2A9122495E8}.Release|Any CPU.Build.0 = Release|Any CPU
		{8C3C37B9-23F3-4A1A-8321-AFE520B62E6A}.Debug|Any CPU.ActiveCfg = Debug|Any CPU
		{8C3C37B9-23F3-4A1A-8321-AFE520B62E6A}.Debug|Any CPU.Build.0 = Debug|Any CPU
		{8C3C37B9-23F3-4A1A-8321-AFE520B62E6A}.Release|Any CPU.ActiveCfg = Release|Any CPU
		{8C3C37B9-23F3-4A1A-8321-AFE520B62E6A}.Release|Any CPU.Build.0 = Release|Any CPU
		{045B7CA7-7E70-4E47-B114-39175254B036}.Debug|Any CPU.ActiveCfg = Debug|Any CPU
		{045B7CA7-7E70-4E47-B114-39175254B036}.Debug|Any CPU.Build.0 = Debug|Any CPU
		{045B7CA7-7E70-4E47-B114-39175254B036}.Release|Any CPU.ActiveCfg = Release|Any CPU
		{045B7CA7-7E70-4E47-B114-39175254B036}.Release|Any CPU.Build.0 = Release|Any CPU
	EndGlobalSection
	GlobalSection(SolutionProperties) = preSolution
		HideSolutionNode = FALSE
	EndGlobalSection
EndGlobal
